// !$*UTF8*$!
{
	archiveVersion = 1;
	classes = {
	};
	objectVersion = 60;
	objects = {

/* Begin PBXBuildFile section */
		E098870A2C73191300527912 /* FrostedUI-Swift in Frameworks */ = {isa = PBXBuildFile; productRef = E09887092C73191300527912 /* FrostedUI-Swift */; };
		E098870D2C73193300527912 /* FontView.swift in Sources */ = {isa = PBXBuildFile; fileRef = E098870C2C73193300527912 /* FontView.swift */; };
		E0FE53D22C731873009013AC /* FrostedSwiftUIDemoApp.swift in Sources */ = {isa = PBXBuildFile; fileRef = E0FE53D12C731873009013AC /* FrostedSwiftUIDemoApp.swift */; };
		E0FE53D42C731873009013AC /* ContentView.swift in Sources */ = {isa = PBXBuildFile; fileRef = E0FE53D32C731873009013AC /* ContentView.swift */; };
		E0FE53D62C731874009013AC /* Assets.xcassets in Resources */ = {isa = PBXBuildFile; fileRef = E0FE53D52C731874009013AC /* Assets.xcassets */; };
		E0FE53D92C731874009013AC /* Preview Assets.xcassets in Resources */ = {isa = PBXBuildFile; fileRef = E0FE53D82C731874009013AC /* Preview Assets.xcassets */; };
		E0FE53E32C731874009013AC /* FrostedSwiftUIDemoTests.swift in Sources */ = {isa = PBXBuildFile; fileRef = E0FE53E22C731874009013AC /* FrostedSwiftUIDemoTests.swift */; };
		E0FE53ED2C731874009013AC /* FrostedSwiftUIDemoUITests.swift in Sources */ = {isa = PBXBuildFile; fileRef = E0FE53EC2C731874009013AC /* FrostedSwiftUIDemoUITests.swift */; };
		E0FE53EF2C731874009013AC /* FrostedSwiftUIDemoUITestsLaunchTests.swift in Sources */ = {isa = PBXBuildFile; fileRef = E0FE53EE2C731874009013AC /* FrostedSwiftUIDemoUITestsLaunchTests.swift */; };
/* End PBXBuildFile section */

/* Begin PBXContainerItemProxy section */
		E0FE53DF2C731874009013AC /* PBXContainerItemProxy */ = {
			isa = PBXContainerItemProxy;
			containerPortal = E0FE53C62C731873009013AC /* Project object */;
			proxyType = 1;
			remoteGlobalIDString = E0FE53CD2C731873009013AC;
			remoteInfo = FrostedSwiftUIDemo;
		};
		E0FE53E92C731874009013AC /* PBXContainerItemProxy */ = {
			isa = PBXContainerItemProxy;
			containerPortal = E0FE53C62C731873009013AC /* Project object */;
			proxyType = 1;
			remoteGlobalIDString = E0FE53CD2C731873009013AC;
			remoteInfo = FrostedSwiftUIDemo;
		};
/* End PBXContainerItemProxy section */

/* Begin PBXFileReference section */
		E098870C2C73193300527912 /* FontView.swift */ = {isa = PBXFileReference; lastKnownFileType = sourcecode.swift; path = FontView.swift; sourceTree = "<group>"; };
		E0FE53CE2C731873009013AC /* FrostedSwiftUIDemo.app */ = {isa = PBXFileReference; explicitFileType = wrapper.application; includeInIndex = 0; path = FrostedSwiftUIDemo.app; sourceTree = BUILT_PRODUCTS_DIR; };
		E0FE53D12C731873009013AC /* FrostedSwiftUIDemoApp.swift */ = {isa = PBXFileReference; lastKnownFileType = sourcecode.swift; path = FrostedSwiftUIDemoApp.swift; sourceTree = "<group>"; };
		E0FE53D32C731873009013AC /* ContentView.swift */ = {isa = PBXFileReference; lastKnownFileType = sourcecode.swift; path = ContentView.swift; sourceTree = "<group>"; };
		E0FE53D52C731874009013AC /* Assets.xcassets */ = {isa = PBXFileReference; lastKnownFileType = folder.assetcatalog; path = Assets.xcassets; sourceTree = "<group>"; };
		E0FE53D82C731874009013AC /* Preview Assets.xcassets */ = {isa = PBXFileReference; lastKnownFileType = folder.assetcatalog; path = "Preview Assets.xcassets"; sourceTree = "<group>"; };
		E0FE53DE2C731874009013AC /* FrostedSwiftUIDemoTests.xctest */ = {isa = PBXFileReference; explicitFileType = wrapper.cfbundle; includeInIndex = 0; path = FrostedSwiftUIDemoTests.xctest; sourceTree = BUILT_PRODUCTS_DIR; };
		E0FE53E22C731874009013AC /* FrostedSwiftUIDemoTests.swift */ = {isa = PBXFileReference; lastKnownFileType = sourcecode.swift; path = FrostedSwiftUIDemoTests.swift; sourceTree = "<group>"; };
		E0FE53E82C731874009013AC /* FrostedSwiftUIDemoUITests.xctest */ = {isa = PBXFileReference; explicitFileType = wrapper.cfbundle; includeInIndex = 0; path = FrostedSwiftUIDemoUITests.xctest; sourceTree = BUILT_PRODUCTS_DIR; };
		E0FE53EC2C731874009013AC /* FrostedSwiftUIDemoUITests.swift */ = {isa = PBXFileReference; lastKnownFileType = sourcecode.swift; path = FrostedSwiftUIDemoUITests.swift; sourceTree = "<group>"; };
		E0FE53EE2C731874009013AC /* FrostedSwiftUIDemoUITestsLaunchTests.swift */ = {isa = PBXFileReference; lastKnownFileType = sourcecode.swift; path = FrostedSwiftUIDemoUITestsLaunchTests.swift; sourceTree = "<group>"; };
/* End PBXFileReference section */

/* Begin PBXFrameworksBuildPhase section */
		E0FE53CB2C731873009013AC /* Frameworks */ = {
			isa = PBXFrameworksBuildPhase;
			buildActionMask = 2147483647;
			files = (
				E098870A2C73191300527912 /* FrostedUI-Swift in Frameworks */,
			);
			runOnlyForDeploymentPostprocessing = 0;
		};
		E0FE53DB2C731874009013AC /* Frameworks */ = {
			isa = PBXFrameworksBuildPhase;
			buildActionMask = 2147483647;
			files = (
			);
			runOnlyForDeploymentPostprocessing = 0;
		};
		E0FE53E52C731874009013AC /* Frameworks */ = {
			isa = PBXFrameworksBuildPhase;
			buildActionMask = 2147483647;
			files = (
			);
			runOnlyForDeploymentPostprocessing = 0;
		};
/* End PBXFrameworksBuildPhase section */

/* Begin PBXGroup section */
		E098870B2C73192900527912 /* UI */ = {
			isa = PBXGroup;
			children = (
				E098870C2C73193300527912 /* FontView.swift */,
			);
			path = UI;
			sourceTree = "<group>";
		};
		E0FE53C52C731873009013AC = {
			isa = PBXGroup;
			children = (
				E0FE53D02C731873009013AC /* FrostedSwiftUIDemo */,
				E0FE53E12C731874009013AC /* FrostedSwiftUIDemoTests */,
				E0FE53EB2C731874009013AC /* FrostedSwiftUIDemoUITests */,
				E0FE53CF2C731873009013AC /* Products */,
			);
			sourceTree = "<group>";
		};
		E0FE53CF2C731873009013AC /* Products */ = {
			isa = PBXGroup;
			children = (
				E0FE53CE2C731873009013AC /* FrostedSwiftUIDemo.app */,
				E0FE53DE2C731874009013AC /* FrostedSwiftUIDemoTests.xctest */,
				E0FE53E82C731874009013AC /* FrostedSwiftUIDemoUITests.xctest */,
			);
			name = Products;
			sourceTree = "<group>";
		};
		E0FE53D02C731873009013AC /* FrostedSwiftUIDemo */ = {
			isa = PBXGroup;
			children = (
				E098870B2C73192900527912 /* UI */,
				E0FE53D12C731873009013AC /* FrostedSwiftUIDemoApp.swift */,
				E0FE53D32C731873009013AC /* ContentView.swift */,
				E0FE53D52C731874009013AC /* Assets.xcassets */,
				E0FE53D72C731874009013AC /* Preview Content */,
			);
			path = FrostedSwiftUIDemo;
			sourceTree = "<group>";
		};
		E0FE53D72C731874009013AC /* Preview Content */ = {
			isa = PBXGroup;
			children = (
				E0FE53D82C731874009013AC /* Preview Assets.xcassets */,
			);
			path = "Preview Content";
			sourceTree = "<group>";
		};
		E0FE53E12C731874009013AC /* FrostedSwiftUIDemoTests */ = {
			isa = PBXGroup;
			children = (
				E0FE53E22C731874009013AC /* FrostedSwiftUIDemoTests.swift */,
			);
			path = FrostedSwiftUIDemoTests;
			sourceTree = "<group>";
		};
		E0FE53EB2C731874009013AC /* FrostedSwiftUIDemoUITests */ = {
			isa = PBXGroup;
			children = (
				E0FE53EC2C731874009013AC /* FrostedSwiftUIDemoUITests.swift */,
				E0FE53EE2C731874009013AC /* FrostedSwiftUIDemoUITestsLaunchTests.swift */,
			);
			path = FrostedSwiftUIDemoUITests;
			sourceTree = "<group>";
		};
/* End PBXGroup section */

/* Begin PBXNativeTarget section */
		E0FE53CD2C731873009013AC /* FrostedSwiftUIDemo */ = {
			isa = PBXNativeTarget;
			buildConfigurationList = E0FE53F22C731874009013AC /* Build configuration list for PBXNativeTarget "FrostedSwiftUIDemo" */;
			buildPhases = (
				E0FE53CA2C731873009013AC /* Sources */,
				E0FE53CB2C731873009013AC /* Frameworks */,
				E0FE53CC2C731873009013AC /* Resources */,
			);
			buildRules = (
			);
			dependencies = (
			);
			name = FrostedSwiftUIDemo;
			packageProductDependencies = (
				E09887092C73191300527912 /* FrostedUI-Swift */,
			);
			productName = FrostedSwiftUIDemo;
			productReference = E0FE53CE2C731873009013AC /* FrostedSwiftUIDemo.app */;
			productType = "com.apple.product-type.application";
		};
		E0FE53DD2C731874009013AC /* FrostedSwiftUIDemoTests */ = {
			isa = PBXNativeTarget;
			buildConfigurationList = E0FE53F52C731874009013AC /* Build configuration list for PBXNativeTarget "FrostedSwiftUIDemoTests" */;
			buildPhases = (
				E0FE53DA2C731874009013AC /* Sources */,
				E0FE53DB2C731874009013AC /* Frameworks */,
				E0FE53DC2C731874009013AC /* Resources */,
			);
			buildRules = (
			);
			dependencies = (
				E0FE53E02C731874009013AC /* PBXTargetDependency */,
			);
			name = FrostedSwiftUIDemoTests;
			productName = FrostedSwiftUIDemoTests;
			productReference = E0FE53DE2C731874009013AC /* FrostedSwiftUIDemoTests.xctest */;
			productType = "com.apple.product-type.bundle.unit-test";
		};
		E0FE53E72C731874009013AC /* FrostedSwiftUIDemoUITests */ = {
			isa = PBXNativeTarget;
			buildConfigurationList = E0FE53F82C731874009013AC /* Build configuration list for PBXNativeTarget "FrostedSwiftUIDemoUITests" */;
			buildPhases = (
				E0FE53E42C731874009013AC /* Sources */,
				E0FE53E52C731874009013AC /* Frameworks */,
				E0FE53E62C731874009013AC /* Resources */,
			);
			buildRules = (
			);
			dependencies = (
				E0FE53EA2C731874009013AC /* PBXTargetDependency */,
			);
			name = FrostedSwiftUIDemoUITests;
			productName = FrostedSwiftUIDemoUITests;
			productReference = E0FE53E82C731874009013AC /* FrostedSwiftUIDemoUITests.xctest */;
			productType = "com.apple.product-type.bundle.ui-testing";
		};
/* End PBXNativeTarget section */

/* Begin PBXProject section */
		E0FE53C62C731873009013AC /* Project object */ = {
			isa = PBXProject;
			attributes = {
				BuildIndependentTargetsInParallel = 1;
				LastSwiftUpdateCheck = 1530;
				LastUpgradeCheck = 1530;
				TargetAttributes = {
					E0FE53CD2C731873009013AC = {
						CreatedOnToolsVersion = 15.3;
					};
					E0FE53DD2C731874009013AC = {
						CreatedOnToolsVersion = 15.3;
						TestTargetID = E0FE53CD2C731873009013AC;
					};
					E0FE53E72C731874009013AC = {
						CreatedOnToolsVersion = 15.3;
						TestTargetID = E0FE53CD2C731873009013AC;
					};
				};
			};
			buildConfigurationList = E0FE53C92C731873009013AC /* Build configuration list for PBXProject "FrostedSwiftUIDemo" */;
			compatibilityVersion = "Xcode 14.0";
			developmentRegion = en;
			hasScannedForEncodings = 0;
			knownRegions = (
				en,
				Base,
			);
			mainGroup = E0FE53C52C731873009013AC;
			packageReferences = (
				E09887082C73191300527912 /* XCLocalSwiftPackageReference "../FrostedUI-Swift" */,
			);
			productRefGroup = E0FE53CF2C731873009013AC /* Products */;
			projectDirPath = "";
			projectRoot = "";
			targets = (
				E0FE53CD2C731873009013AC /* FrostedSwiftUIDemo */,
				E0FE53DD2C731874009013AC /* FrostedSwiftUIDemoTests */,
				E0FE53E72C731874009013AC /* FrostedSwiftUIDemoUITests */,
			);
		};
/* End PBXProject section */

/* Begin PBXResourcesBuildPhase section */
		E0FE53CC2C731873009013AC /* Resources */ = {
			isa = PBXResourcesBuildPhase;
			buildActionMask = 2147483647;
			files = (
				E0FE53D92C731874009013AC /* Preview Assets.xcassets in Resources */,
				E0FE53D62C731874009013AC /* Assets.xcassets in Resources */,
			);
			runOnlyForDeploymentPostprocessing = 0;
		};
		E0FE53DC2C731874009013AC /* Resources */ = {
			isa = PBXResourcesBuildPhase;
			buildActionMask = 2147483647;
			files = (
			);
			runOnlyForDeploymentPostprocessing = 0;
		};
		E0FE53E62C731874009013AC /* Resources */ = {
			isa = PBXResourcesBuildPhase;
			buildActionMask = 2147483647;
			files = (
			);
			runOnlyForDeploymentPostprocessing = 0;
		};
/* End PBXResourcesBuildPhase section */

/* Begin PBXSourcesBuildPhase section */
		E0FE53CA2C731873009013AC /* Sources */ = {
			isa = PBXSourcesBuildPhase;
			buildActionMask = 2147483647;
			files = (
				E0FE53D42C731873009013AC /* ContentView.swift in Sources */,
				E0FE53D22C731873009013AC /* FrostedSwiftUIDemoApp.swift in Sources */,
				E098870D2C73193300527912 /* FontView.swift in Sources */,
			);
			runOnlyForDeploymentPostprocessing = 0;
		};
		E0FE53DA2C731874009013AC /* Sources */ = {
			isa = PBXSourcesBuildPhase;
			buildActionMask = 2147483647;
			files = (
				E0FE53E32C731874009013AC /* FrostedSwiftUIDemoTests.swift in Sources */,
			);
			runOnlyForDeploymentPostprocessing = 0;
		};
		E0FE53E42C731874009013AC /* Sources */ = {
			isa = PBXSourcesBuildPhase;
			buildActionMask = 2147483647;
			files = (
				E0FE53ED2C731874009013AC /* FrostedSwiftUIDemoUITests.swift in Sources */,
				E0FE53EF2C731874009013AC /* FrostedSwiftUIDemoUITestsLaunchTests.swift in Sources */,
			);
			runOnlyForDeploymentPostprocessing = 0;
		};
/* End PBXSourcesBuildPhase section */

/* Begin PBXTargetDependency section */
		E0FE53E02C731874009013AC /* PBXTargetDependency */ = {
			isa = PBXTargetDependency;
			target = E0FE53CD2C731873009013AC /* FrostedSwiftUIDemo */;
			targetProxy = E0FE53DF2C731874009013AC /* PBXContainerItemProxy */;
		};
		E0FE53EA2C731874009013AC /* PBXTargetDependency */ = {
			isa = PBXTargetDependency;
			target = E0FE53CD2C731873009013AC /* FrostedSwiftUIDemo */;
			targetProxy = E0FE53E92C731874009013AC /* PBXContainerItemProxy */;
		};
/* End PBXTargetDependency section */

/* Begin XCBuildConfiguration section */
		E0FE53F02C731874009013AC /* Debug */ = {
			isa = XCBuildConfiguration;
			buildSettings = {
				ALWAYS_SEARCH_USER_PATHS = NO;
				ASSETCATALOG_COMPILER_GENERATE_SWIFT_ASSET_SYMBOL_EXTENSIONS = YES;
				CLANG_ANALYZER_NONNULL = YES;
				CLANG_ANALYZER_NUMBER_OBJECT_CONVERSION = YES_AGGRESSIVE;
				CLANG_CXX_LANGUAGE_STANDARD = "gnu++20";
				CLANG_ENABLE_MODULES = YES;
				CLANG_ENABLE_OBJC_ARC = YES;
				CLANG_ENABLE_OBJC_WEAK = YES;
				CLANG_WARN_BLOCK_CAPTURE_AUTORELEASING = YES;
				CLANG_WARN_BOOL_CONVERSION = YES;
				CLANG_WARN_COMMA = YES;
				CLANG_WARN_CONSTANT_CONVERSION = YES;
				CLANG_WARN_DEPRECATED_OBJC_IMPLEMENTATIONS = YES;
				CLANG_WARN_DIRECT_OBJC_ISA_USAGE = YES_ERROR;
				CLANG_WARN_DOCUMENTATION_COMMENTS = YES;
				CLANG_WARN_EMPTY_BODY = YES;
				CLANG_WARN_ENUM_CONVERSION = YES;
				CLANG_WARN_INFINITE_RECURSION = YES;
				CLANG_WARN_INT_CONVERSION = YES;
				CLANG_WARN_NON_LITERAL_NULL_CONVERSION = YES;
				CLANG_WARN_OBJC_IMPLICIT_RETAIN_SELF = YES;
				CLANG_WARN_OBJC_LITERAL_CONVERSION = YES;
				CLANG_WARN_OBJC_ROOT_CLASS = YES_ERROR;
				CLANG_WARN_QUOTED_INCLUDE_IN_FRAMEWORK_HEADER = YES;
				CLANG_WARN_RANGE_LOOP_ANALYSIS = YES;
				CLANG_WARN_STRICT_PROTOTYPES = YES;
				CLANG_WARN_SUSPICIOUS_MOVE = YES;
				CLANG_WARN_UNGUARDED_AVAILABILITY = YES_AGGRESSIVE;
				CLANG_WARN_UNREACHABLE_CODE = YES;
				CLANG_WARN__DUPLICATE_METHOD_MATCH = YES;
				COPY_PHASE_STRIP = NO;
				DEBUG_INFORMATION_FORMAT = dwarf;
				ENABLE_STRICT_OBJC_MSGSEND = YES;
				ENABLE_TESTABILITY = YES;
				ENABLE_USER_SCRIPT_SANDBOXING = YES;
				GCC_C_LANGUAGE_STANDARD = gnu17;
				GCC_DYNAMIC_NO_PIC = NO;
				GCC_NO_COMMON_BLOCKS = YES;
				GCC_OPTIMIZATION_LEVEL = 0;
				GCC_PREPROCESSOR_DEFINITIONS = (
					"DEBUG=1",
					"$(inherited)",
				);
				GCC_WARN_64_TO_32_BIT_CONVERSION = YES;
				GCC_WARN_ABOUT_RETURN_TYPE = YES_ERROR;
				GCC_WARN_UNDECLARED_SELECTOR = YES;
				GCC_WARN_UNINITIALIZED_AUTOS = YES_AGGRESSIVE;
				GCC_WARN_UNUSED_FUNCTION = YES;
				GCC_WARN_UNUSED_VARIABLE = YES;
				IPHONEOS_DEPLOYMENT_TARGET = 17.4;
				LOCALIZATION_PREFERS_STRING_CATALOGS = YES;
				MTL_ENABLE_DEBUG_INFO = INCLUDE_SOURCE;
				MTL_FAST_MATH = YES;
				ONLY_ACTIVE_ARCH = YES;
				SDKROOT = iphoneos;
				SWIFT_ACTIVE_COMPILATION_CONDITIONS = "DEBUG $(inherited)";
				SWIFT_OPTIMIZATION_LEVEL = "-Onone";
			};
			name = Debug;
		};
		E0FE53F12C731874009013AC /* Release */ = {
			isa = XCBuildConfiguration;
			buildSettings = {
				ALWAYS_SEARCH_USER_PATHS = NO;
				ASSETCATALOG_COMPILER_GENERATE_SWIFT_ASSET_SYMBOL_EXTENSIONS = YES;
				CLANG_ANALYZER_NONNULL = YES;
				CLANG_ANALYZER_NUMBER_OBJECT_CONVERSION = YES_AGGRESSIVE;
				CLANG_CXX_LANGUAGE_STANDARD = "gnu++20";
				CLANG_ENABLE_MODULES = YES;
				CLANG_ENABLE_OBJC_ARC = YES;
				CLANG_ENABLE_OBJC_WEAK = YES;
				CLANG_WARN_BLOCK_CAPTURE_AUTORELEASING = YES;
				CLANG_WARN_BOOL_CONVERSION = YES;
				CLANG_WARN_COMMA = YES;
				CLANG_WARN_CONSTANT_CONVERSION = YES;
				CLANG_WARN_DEPRECATED_OBJC_IMPLEMENTATIONS = YES;
				CLANG_WARN_DIRECT_OBJC_ISA_USAGE = YES_ERROR;
				CLANG_WARN_DOCUMENTATION_COMMENTS = YES;
				CLANG_WARN_EMPTY_BODY = YES;
				CLANG_WARN_ENUM_CONVERSION = YES;
				CLANG_WARN_INFINITE_RECURSION = YES;
				CLANG_WARN_INT_CONVERSION = YES;
				CLANG_WARN_NON_LITERAL_NULL_CONVERSION = YES;
				CLANG_WARN_OBJC_IMPLICIT_RETAIN_SELF = YES;
				CLANG_WARN_OBJC_LITERAL_CONVERSION = YES;
				CLANG_WARN_OBJC_ROOT_CLASS = YES_ERROR;
				CLANG_WARN_QUOTED_INCLUDE_IN_FRAMEWORK_HEADER = YES;
				CLANG_WARN_RANGE_LOOP_ANALYSIS = YES;
				CLANG_WARN_STRICT_PROTOTYPES = YES;
				CLANG_WARN_SUSPICIOUS_MOVE = YES;
				CLANG_WARN_UNGUARDED_AVAILABILITY = YES_AGGRESSIVE;
				CLANG_WARN_UNREACHABLE_CODE = YES;
				CLANG_WARN__DUPLICATE_METHOD_MATCH = YES;
				COPY_PHASE_STRIP = NO;
				DEBUG_INFORMATION_FORMAT = "dwarf-with-dsym";
				ENABLE_NS_ASSERTIONS = NO;
				ENABLE_STRICT_OBJC_MSGSEND = YES;
				ENABLE_USER_SCRIPT_SANDBOXING = YES;
				GCC_C_LANGUAGE_STANDARD = gnu17;
				GCC_NO_COMMON_BLOCKS = YES;
				GCC_WARN_64_TO_32_BIT_CONVERSION = YES;
				GCC_WARN_ABOUT_RETURN_TYPE = YES_ERROR;
				GCC_WARN_UNDECLARED_SELECTOR = YES;
				GCC_WARN_UNINITIALIZED_AUTOS = YES_AGGRESSIVE;
				GCC_WARN_UNUSED_FUNCTION = YES;
				GCC_WARN_UNUSED_VARIABLE = YES;
				IPHONEOS_DEPLOYMENT_TARGET = 17.4;
				LOCALIZATION_PREFERS_STRING_CATALOGS = YES;
				MTL_ENABLE_DEBUG_INFO = NO;
				MTL_FAST_MATH = YES;
				SDKROOT = iphoneos;
				SWIFT_COMPILATION_MODE = wholemodule;
				VALIDATE_PRODUCT = YES;
			};
			name = Release;
		};
		E0FE53F32C731874009013AC /* Debug */ = {
			isa = XCBuildConfiguration;
			buildSettings = {
				ASSETCATALOG_COMPILER_APPICON_NAME = AppIcon;
				ASSETCATALOG_COMPILER_GLOBAL_ACCENT_COLOR_NAME = AccentColor;
				CODE_SIGN_STYLE = Automatic;
				CURRENT_PROJECT_VERSION = 1;
				DEVELOPMENT_ASSET_PATHS = "\"FrostedSwiftUIDemo/Preview Content\"";
				DEVELOPMENT_TEAM = 47DW3L4DQ5;
				ENABLE_PREVIEWS = YES;
				GENERATE_INFOPLIST_FILE = YES;
				INFOPLIST_KEY_UIApplicationSceneManifest_Generation = YES;
				INFOPLIST_KEY_UIApplicationSupportsIndirectInputEvents = YES;
				INFOPLIST_KEY_UILaunchScreen_Generation = YES;
				INFOPLIST_KEY_UISupportedInterfaceOrientations_iPad = "UIInterfaceOrientationPortrait UIInterfaceOrientationPortraitUpsideDown UIInterfaceOrientationLandscapeLeft UIInterfaceOrientationLandscapeRight";
				INFOPLIST_KEY_UISupportedInterfaceOrientations_iPhone = "UIInterfaceOrientationPortrait UIInterfaceOrientationLandscapeLeft UIInterfaceOrientationLandscapeRight";
				LD_RUNPATH_SEARCH_PATHS = (
					"$(inherited)",
					"@executable_path/Frameworks",
				);
				MARKETING_VERSION = 1.0;
				PRODUCT_BUNDLE_IDENTIFIER = com.whop.FrostedSwiftUIDemo;
				PRODUCT_NAME = "$(TARGET_NAME)";
				SWIFT_EMIT_LOC_STRINGS = YES;
				SWIFT_VERSION = 5.0;
				TARGETED_DEVICE_FAMILY = "1,2";
			};
			name = Debug;
		};
		E0FE53F42C731874009013AC /* Release */ = {
			isa = XCBuildConfiguration;
			buildSettings = {
				ASSETCATALOG_COMPILER_APPICON_NAME = AppIcon;
				ASSETCATALOG_COMPILER_GLOBAL_ACCENT_COLOR_NAME = AccentColor;
				CODE_SIGN_STYLE = Automatic;
				CURRENT_PROJECT_VERSION = 1;
				DEVELOPMENT_ASSET_PATHS = "\"FrostedSwiftUIDemo/Preview Content\"";
				DEVELOPMENT_TEAM = 47DW3L4DQ5;
				ENABLE_PREVIEWS = YES;
				GENERATE_INFOPLIST_FILE = YES;
				INFOPLIST_KEY_UIApplicationSceneManifest_Generation = YES;
				INFOPLIST_KEY_UIApplicationSupportsIndirectInputEvents = YES;
				INFOPLIST_KEY_UILaunchScreen_Generation = YES;
				INFOPLIST_KEY_UISupportedInterfaceOrientations_iPad = "UIInterfaceOrientationPortrait UIInterfaceOrientationPortraitUpsideDown UIInterfaceOrientationLandscapeLeft UIInterfaceOrientationLandscapeRight";
				INFOPLIST_KEY_UISupportedInterfaceOrientations_iPhone = "UIInterfaceOrientationPortrait UIInterfaceOrientationLandscapeLeft UIInterfaceOrientationLandscapeRight";
				LD_RUNPATH_SEARCH_PATHS = (
					"$(inherited)",
					"@executable_path/Frameworks",
				);
				MARKETING_VERSION = 1.0;
				PRODUCT_BUNDLE_IDENTIFIER = com.whop.FrostedSwiftUIDemo;
				PRODUCT_NAME = "$(TARGET_NAME)";
				SWIFT_EMIT_LOC_STRINGS = YES;
				SWIFT_VERSION = 5.0;
				TARGETED_DEVICE_FAMILY = "1,2";
			};
			name = Release;
		};
		E0FE53F62C731874009013AC /* Debug */ = {
			isa = XCBuildConfiguration;
			buildSettings = {
				ALWAYS_EMBED_SWIFT_STANDARD_LIBRARIES = YES;
				BUNDLE_LOADER = "$(TEST_HOST)";
				CODE_SIGN_STYLE = Automatic;
				CURRENT_PROJECT_VERSION = 1;
				DEVELOPMENT_TEAM = 47DW3L4DQ5;
				GENERATE_INFOPLIST_FILE = YES;
				IPHONEOS_DEPLOYMENT_TARGET = 17.4;
				MARKETING_VERSION = 1.0;
				PRODUCT_BUNDLE_IDENTIFIER = com.whop.FrostedSwiftUIDemoTests;
				PRODUCT_NAME = "$(TARGET_NAME)";
				SWIFT_EMIT_LOC_STRINGS = NO;
				SWIFT_VERSION = 5.0;
				TARGETED_DEVICE_FAMILY = "1,2";
				TEST_HOST = "$(BUILT_PRODUCTS_DIR)/FrostedSwiftUIDemo.app/$(BUNDLE_EXECUTABLE_FOLDER_PATH)/FrostedSwiftUIDemo";
			};
			name = Debug;
		};
		E0FE53F72C731874009013AC /* Release */ = {
			isa = XCBuildConfiguration;
			buildSettings = {
				ALWAYS_EMBED_SWIFT_STANDARD_LIBRARIES = YES;
				BUNDLE_LOADER = "$(TEST_HOST)";
				CODE_SIGN_STYLE = Automatic;
				CURRENT_PROJECT_VERSION = 1;
				DEVELOPMENT_TEAM = 47DW3L4DQ5;
				GENERATE_INFOPLIST_FILE = YES;
				IPHONEOS_DEPLOYMENT_TARGET = 17.4;
				MARKETING_VERSION = 1.0;
				PRODUCT_BUNDLE_IDENTIFIER = com.whop.FrostedSwiftUIDemoTests;
				PRODUCT_NAME = "$(TARGET_NAME)";
				SWIFT_EMIT_LOC_STRINGS = NO;
				SWIFT_VERSION = 5.0;
				TARGETED_DEVICE_FAMILY = "1,2";
				TEST_HOST = "$(BUILT_PRODUCTS_DIR)/FrostedSwiftUIDemo.app/$(BUNDLE_EXECUTABLE_FOLDER_PATH)/FrostedSwiftUIDemo";
			};
			name = Release;
		};
		E0FE53F92C731874009013AC /* Debug */ = {
			isa = XCBuildConfiguration;
			buildSettings = {
				ALWAYS_EMBED_SWIFT_STANDARD_LIBRARIES = YES;
				CODE_SIGN_STYLE = Automatic;
				CURRENT_PROJECT_VERSION = 1;
				DEVELOPMENT_TEAM = 47DW3L4DQ5;
				GENERATE_INFOPLIST_FILE = YES;
				MARKETING_VERSION = 1.0;
				PRODUCT_BUNDLE_IDENTIFIER = com.whop.FrostedSwiftUIDemoUITests;
				PRODUCT_NAME = "$(TARGET_NAME)";
				SWIFT_EMIT_LOC_STRINGS = NO;
				SWIFT_VERSION = 5.0;
				TARGETED_DEVICE_FAMILY = "1,2";
				TEST_TARGET_NAME = FrostedSwiftUIDemo;
			};
			name = Debug;
		};
		E0FE53FA2C731874009013AC /* Release */ = {
			isa = XCBuildConfiguration;
			buildSettings = {
				ALWAYS_EMBED_SWIFT_STANDARD_LIBRARIES = YES;
				CODE_SIGN_STYLE = Automatic;
				CURRENT_PROJECT_VERSION = 1;
				DEVELOPMENT_TEAM = 47DW3L4DQ5;
				GENERATE_INFOPLIST_FILE = YES;
				MARKETING_VERSION = 1.0;
				PRODUCT_BUNDLE_IDENTIFIER = com.whop.FrostedSwiftUIDemoUITests;
				PRODUCT_NAME = "$(TARGET_NAME)";
				SWIFT_EMIT_LOC_STRINGS = NO;
				SWIFT_VERSION = 5.0;
				TARGETED_DEVICE_FAMILY = "1,2";
				TEST_TARGET_NAME = FrostedSwiftUIDemo;
			};
			name = Release;
		};
/* End XCBuildConfiguration section */

/* Begin XCConfigurationList section */
		E0FE53C92C731873009013AC /* Build configuration list for PBXProject "FrostedSwiftUIDemo" */ = {
			isa = XCConfigurationList;
			buildConfigurations = (
				E0FE53F02C731874009013AC /* Debug */,
				E0FE53F12C731874009013AC /* Release */,
			);
			defaultConfigurationIsVisible = 0;
			defaultConfigurationName = Release;
		};
		E0FE53F22C731874009013AC /* Build configuration list for PBXNativeTarget "FrostedSwiftUIDemo" */ = {
			isa = XCConfigurationList;
			buildConfigurations = (
				E0FE53F32C731874009013AC /* Debug */,
				E0FE53F42C731874009013AC /* Release */,
			);
			defaultConfigurationIsVisible = 0;
			defaultConfigurationName = Release;
		};
		E0FE53F52C731874009013AC /* Build configuration list for PBXNativeTarget "FrostedSwiftUIDemoTests" */ = {
			isa = XCConfigurationList;
			buildConfigurations = (
				E0FE53F62C731874009013AC /* Debug */,
				E0FE53F72C731874009013AC /* Release */,
			);
			defaultConfigurationIsVisible = 0;
			defaultConfigurationName = Release;
		};
		E0FE53F82C731874009013AC /* Build configuration list for PBXNativeTarget "FrostedSwiftUIDemoUITests" */ = {
			isa = XCConfigurationList;
			buildConfigurations = (
				E0FE53F92C731874009013AC /* Debug */,
				E0FE53FA2C731874009013AC /* Release */,
			);
			defaultConfigurationIsVisible = 0;
			defaultConfigurationName = Release;
		};
/* End XCConfigurationList section */

/* Begin XCLocalSwiftPackageReference section */
		E09887082C73191300527912 /* XCLocalSwiftPackageReference "../FrostedUI-Swift" */ = {
			isa = XCLocalSwiftPackageReference;
			relativePath = "../FrostedUI-Swift";
		};
/* End XCLocalSwiftPackageReference section */

/* Begin XCSwiftPackageProductDependency section */
		E09887092C73191300527912 /* FrostedUI-Swift */ = {
			isa = XCSwiftPackageProductDependency;
			productName = "FrostedUI-Swift";
		};
/* End XCSwiftPackageProductDependency section */
	};
	rootObject = E0FE53C62C731873009013AC /* Project object */;
}
