// !$*UTF8*$!
{
	archiveVersion = 1;
	classes = {
	};
	objectVersion = 60;
	objects = {

/* Begin PBXBuildFile section */
		E008D2DB2C730954009B9DE5 /* FrostedUI-Swift in Frameworks */ = {isa = PBXBuildFile; productRef = E008D2DA2C730954009B9DE5 /* FrostedUI-Swift */; };
		E01EA4BA2C6FD8D600C3A539 /* FrostedSwiftUIDemoApp.swift in Sources */ = {isa = PBXBuildFile; fileRef = E01EA4B92C6FD8D600C3A539 /* FrostedSwiftUIDemoApp.swift */; };
		E01EA4BC2C6FD8D600C3A539 /* ContentView.swift in Sources */ = {isa = PBXBuildFile; fileRef = E01EA4BB2C6FD8D600C3A539 /* ContentView.swift */; };
		E01EA4CB2C6FD8D700C3A539 /* FrostedSwiftUIDemoTests.swift in Sources */ = {isa = PBXBuildFile; fileRef = E01EA4CA2C6FD8D700C3A539 /* FrostedSwiftUIDemoTests.swift */; };
		E01EA4D52C6FD8D700C3A539 /* FrostedSwiftUIDemoUITests.swift in Sources */ = {isa = PBXBuildFile; fileRef = E01EA4D42C6FD8D700C3A539 /* FrostedSwiftUIDemoUITests.swift */; };
		E01EA4D72C6FD8D700C3A539 /* FrostedSwiftUIDemoUITestsLaunchTests.swift in Sources */ = {isa = PBXBuildFile; fileRef = E01EA4D62C6FD8D700C3A539 /* FrostedSwiftUIDemoUITestsLaunchTests.swift */; };
		E029A7462C73077000DB291B /* FontView.swift in Sources */ = {isa = PBXBuildFile; fileRef = E029A7422C73028700DB291B /* FontView.swift */; };
/* End PBXBuildFile section */

/* Begin PBXContainerItemProxy section */
		E01EA4C72C6FD8D700C3A539 /* PBXContainerItemProxy */ = {
			isa = PBXContainerItemProxy;
			containerPortal = E01EA4AE2C6FD8D600C3A539 /* Project object */;
			proxyType = 1;
			remoteGlobalIDString = E01EA4B52C6FD8D600C3A539;
			remoteInfo = FrostedSwiftUIDemo;
		};
		E01EA4D12C6FD8D700C3A539 /* PBXContainerItemProxy */ = {
			isa = PBXContainerItemProxy;
			containerPortal = E01EA4AE2C6FD8D600C3A539 /* Project object */;
			proxyType = 1;
			remoteGlobalIDString = E01EA4B52C6FD8D600C3A539;
			remoteInfo = FrostedSwiftUIDemo;
		};
/* End PBXContainerItemProxy section */

/* Begin PBXFileReference section */
		E01EA4B62C6FD8D600C3A539 /* FrostedSwiftUIDemo.app */ = {isa = PBXFileReference; explicitFileType = wrapper.application; includeInIndex = 0; path = FrostedSwiftUIDemo.app; sourceTree = BUILT_PRODUCTS_DIR; };
		E01EA4B92C6FD8D600C3A539 /* FrostedSwiftUIDemoApp.swift */ = {isa = PBXFileReference; lastKnownFileType = sourcecode.swift; path = FrostedSwiftUIDemoApp.swift; sourceTree = "<group>"; };
		E01EA4BB2C6FD8D600C3A539 /* ContentView.swift */ = {isa = PBXFileReference; lastKnownFileType = sourcecode.swift; path = ContentView.swift; sourceTree = "<group>"; };
		E01EA4BD2C6FD8D700C3A539 /* Assets.xcassets */ = {isa = PBXFileReference; lastKnownFileType = folder.assetcatalog; path = Assets.xcassets; sourceTree = "<group>"; };
		E01EA4C02C6FD8D700C3A539 /* Preview Assets.xcassets */ = {isa = PBXFileReference; lastKnownFileType = folder.assetcatalog; path = "Preview Assets.xcassets"; sourceTree = "<group>"; };
		E01EA4C62C6FD8D700C3A539 /* FrostedSwiftUIDemoTests.xctest */ = {isa = PBXFileReference; explicitFileType = wrapper.cfbundle; includeInIndex = 0; path = FrostedSwiftUIDemoTests.xctest; sourceTree = BUILT_PRODUCTS_DIR; };
		E01EA4CA2C6FD8D700C3A539 /* FrostedSwiftUIDemoTests.swift */ = {isa = PBXFileReference; lastKnownFileType = sourcecode.swift; path = FrostedSwiftUIDemoTests.swift; sourceTree = "<group>"; };
		E01EA4D02C6FD8D700C3A539 /* FrostedSwiftUIDemoUITests.xctest */ = {isa = PBXFileReference; explicitFileType = wrapper.cfbundle; includeInIndex = 0; path = FrostedSwiftUIDemoUITests.xctest; sourceTree = BUILT_PRODUCTS_DIR; };
		E01EA4D42C6FD8D700C3A539 /* FrostedSwiftUIDemoUITests.swift */ = {isa = PBXFileReference; lastKnownFileType = sourcecode.swift; path = FrostedSwiftUIDemoUITests.swift; sourceTree = "<group>"; };
		E01EA4D62C6FD8D700C3A539 /* FrostedSwiftUIDemoUITestsLaunchTests.swift */ = {isa = PBXFileReference; lastKnownFileType = sourcecode.swift; path = FrostedSwiftUIDemoUITestsLaunchTests.swift; sourceTree = "<group>"; };
		E01EA4E72C6FDC1500C3A539 /* JBMono */ = {isa = PBXFileReference; lastKnownFileType = wrapper; name = JBMono; path = ../JBMono; sourceTree = "<group>"; };
		E029A7422C73028700DB291B /* FontView.swift */ = {isa = PBXFileReference; lastKnownFileType = sourcecode.swift; path = FontView.swift; sourceTree = "<group>"; };
/* End PBXFileReference section */

/* Begin PBXFrameworksBuildPhase section */
		E01EA4B32C6FD8D600C3A539 /* Frameworks */ = {
			isa = PBXFrameworksBuildPhase;
			buildActionMask = 2147483647;
			files = (
				E008D2DB2C730954009B9DE5 /* FrostedUI-Swift in Frameworks */,
			);
			runOnlyForDeploymentPostprocessing = 0;
		};
		E01EA4C32C6FD8D700C3A539 /* Frameworks */ = {
			isa = PBXFrameworksBuildPhase;
			buildActionMask = 2147483647;
			files = (
			);
			runOnlyForDeploymentPostprocessing = 0;
		};
		E01EA4CD2C6FD8D700C3A539 /* Frameworks */ = {
			isa = PBXFrameworksBuildPhase;
			buildActionMask = 2147483647;
			files = (
			);
			runOnlyForDeploymentPostprocessing = 0;
		};
/* End PBXFrameworksBuildPhase section */

/* Begin PBXGroup section */
		E01EA4AD2C6FD8D600C3A539 = {
			isa = PBXGroup;
			children = (
				E01EA4B82C6FD8D600C3A539 /* FrostedSwiftUIDemo */,
				E01EA4C92C6FD8D700C3A539 /* FrostedSwiftUIDemoTests */,
				E01EA4D32C6FD8D700C3A539 /* FrostedSwiftUIDemoUITests */,
				E01EA4B72C6FD8D600C3A539 /* Products */,
				E01EA4E62C6FDC1500C3A539 /* Frameworks */,
			);
			sourceTree = "<group>";
		};
		E01EA4B72C6FD8D600C3A539 /* Products */ = {
			isa = PBXGroup;
			children = (
				E01EA4B62C6FD8D600C3A539 /* FrostedSwiftUIDemo.app */,
				E01EA4C62C6FD8D700C3A539 /* FrostedSwiftUIDemoTests.xctest */,
				E01EA4D02C6FD8D700C3A539 /* FrostedSwiftUIDemoUITests.xctest */,
			);
			name = Products;
			sourceTree = "<group>";
		};
		E01EA4B82C6FD8D600C3A539 /* FrostedSwiftUIDemo */ = {
			isa = PBXGroup;
			children = (
				E029A7452C7303D400DB291B /* UI */,
				E01EA4B92C6FD8D600C3A539 /* FrostedSwiftUIDemoApp.swift */,
				E01EA4BB2C6FD8D600C3A539 /* ContentView.swift */,
				E01EA4BD2C6FD8D700C3A539 /* Assets.xcassets */,
				E01EA4BF2C6FD8D700C3A539 /* Preview Content */,
			);
			path = FrostedSwiftUIDemo;
			sourceTree = "<group>";
		};
		E01EA4BF2C6FD8D700C3A539 /* Preview Content */ = {
			isa = PBXGroup;
			children = (
				E01EA4C02C6FD8D700C3A539 /* Preview Assets.xcassets */,
			);
			path = "Preview Content";
			sourceTree = "<group>";
		};
		E01EA4C92C6FD8D700C3A539 /* FrostedSwiftUIDemoTests */ = {
			isa = PBXGroup;
			children = (
				E01EA4CA2C6FD8D700C3A539 /* FrostedSwiftUIDemoTests.swift */,
			);
			path = FrostedSwiftUIDemoTests;
			sourceTree = "<group>";
		};
		E01EA4D32C6FD8D700C3A539 /* FrostedSwiftUIDemoUITests */ = {
			isa = PBXGroup;
			children = (
				E01EA4D42C6FD8D700C3A539 /* FrostedSwiftUIDemoUITests.swift */,
				E01EA4D62C6FD8D700C3A539 /* FrostedSwiftUIDemoUITestsLaunchTests.swift */,
			);
			path = FrostedSwiftUIDemoUITests;
			sourceTree = "<group>";
		};
		E01EA4E62C6FDC1500C3A539 /* Frameworks */ = {
			isa = PBXGroup;
			children = (
				E01EA4E72C6FDC1500C3A539 /* JBMono */,
			);
			name = Frameworks;
			sourceTree = "<group>";
		};
		E029A7452C7303D400DB291B /* UI */ = {
			isa = PBXGroup;
			children = (
				E029A7422C73028700DB291B /* FontView.swift */,
			);
			path = UI;
			sourceTree = "<group>";
		};
/* End PBXGroup section */

/* Begin PBXNativeTarget section */
		E01EA4B52C6FD8D600C3A539 /* FrostedSwiftUIDemo */ = {
			isa = PBXNativeTarget;
			buildConfigurationList = E01EA4DA2C6FD8D700C3A539 /* Build configuration list for PBXNativeTarget "FrostedSwiftUIDemo" */;
			buildPhases = (
				E01EA4B22C6FD8D600C3A539 /* Sources */,
				E01EA4B32C6FD8D600C3A539 /* Frameworks */,
			);
			buildRules = (
			);
			dependencies = (
			);
			name = FrostedSwiftUIDemo;
			packageProductDependencies = (
				E008D2DA2C730954009B9DE5 /* FrostedUI-Swift */,
			);
			productName = FrostedSwiftUIDemo;
			productReference = E01EA4B62C6FD8D600C3A539 /* FrostedSwiftUIDemo.app */;
			productType = "com.apple.product-type.application";
		};
		E01EA4C52C6FD8D700C3A539 /* FrostedSwiftUIDemoTests */ = {
			isa = PBXNativeTarget;
			buildConfigurationList = E01EA4DD2C6FD8D700C3A539 /* Build configuration list for PBXNativeTarget "FrostedSwiftUIDemoTests" */;
			buildPhases = (
				E01EA4C22C6FD8D700C3A539 /* Sources */,
				E01EA4C32C6FD8D700C3A539 /* Frameworks */,
				E01EA4C42C6FD8D700C3A539 /* Resources */,
			);
			buildRules = (
			);
			dependencies = (
				E01EA4C82C6FD8D700C3A539 /* PBXTargetDependency */,
			);
			name = FrostedSwiftUIDemoTests;
			productName = FrostedSwiftUIDemoTests;
			productReference = E01EA4C62C6FD8D700C3A539 /* FrostedSwiftUIDemoTests.xctest */;
			productType = "com.apple.product-type.bundle.unit-test";
		};
		E01EA4CF2C6FD8D700C3A539 /* FrostedSwiftUIDemoUITests */ = {
			isa = PBXNativeTarget;
			buildConfigurationList = E01EA4E02C6FD8D700C3A539 /* Build configuration list for PBXNativeTarget "FrostedSwiftUIDemoUITests" */;
			buildPhases = (
				E01EA4CC2C6FD8D700C3A539 /* Sources */,
				E01EA4CD2C6FD8D700C3A539 /* Frameworks */,
				E01EA4CE2C6FD8D700C3A539 /* Resources */,
			);
			buildRules = (
			);
			dependencies = (
				E01EA4D22C6FD8D700C3A539 /* PBXTargetDependency */,
			);
			name = FrostedSwiftUIDemoUITests;
			productName = FrostedSwiftUIDemoUITests;
			productReference = E01EA4D02C6FD8D700C3A539 /* FrostedSwiftUIDemoUITests.xctest */;
			productType = "com.apple.product-type.bundle.ui-testing";
		};
/* End PBXNativeTarget section */

/* Begin PBXProject section */
		E01EA4AE2C6FD8D600C3A539 /* Project object */ = {
			isa = PBXProject;
			attributes = {
				BuildIndependentTargetsInParallel = 1;
				LastSwiftUpdateCheck = 1530;
				LastUpgradeCheck = 1530;
				TargetAttributes = {
					E01EA4B52C6FD8D600C3A539 = {
						CreatedOnToolsVersion = 15.3;
					};
					E01EA4C52C6FD8D700C3A539 = {
						CreatedOnToolsVersion = 15.3;
						TestTargetID = E01EA4B52C6FD8D600C3A539;
					};
					E01EA4CF2C6FD8D700C3A539 = {
						CreatedOnToolsVersion = 15.3;
						TestTargetID = E01EA4B52C6FD8D600C3A539;
					};
				};
			};
			buildConfigurationList = E01EA4B12C6FD8D600C3A539 /* Build configuration list for PBXProject "FrostedSwiftUIDemo" */;
			compatibilityVersion = "Xcode 14.0";
			developmentRegion = en;
			hasScannedForEncodings = 0;
			knownRegions = (
				en,
				Base,
			);
			mainGroup = E01EA4AD2C6FD8D600C3A539;
			packageReferences = (
				E008D2D92C730954009B9DE5 /* XCLocalSwiftPackageReference "FrostedUI-Swift" */,
			);
			productRefGroup = E01EA4B72C6FD8D600C3A539 /* Products */;
			projectDirPath = "";
			projectRoot = "";
			targets = (
				E01EA4B52C6FD8D600C3A539 /* FrostedSwiftUIDemo */,
				E01EA4C52C6FD8D700C3A539 /* FrostedSwiftUIDemoTests */,
				E01EA4CF2C6FD8D700C3A539 /* FrostedSwiftUIDemoUITests */,
			);
		};
/* End PBXProject section */

/* Begin PBXResourcesBuildPhase section */
		E01EA4C42C6FD8D700C3A539 /* Resources */ = {
			isa = PBXResourcesBuildPhase;
			buildActionMask = 2147483647;
			files = (
			);
			runOnlyForDeploymentPostprocessing = 0;
		};
		E01EA4CE2C6FD8D700C3A539 /* Resources */ = {
			isa = PBXResourcesBuildPhase;
			buildActionMask = 2147483647;
			files = (
			);
			runOnlyForDeploymentPostprocessing = 0;
		};
/* End PBXResourcesBuildPhase section */

/* Begin PBXSourcesBuildPhase section */
		E01EA4B22C6FD8D600C3A539 /* Sources */ = {
			isa = PBXSourcesBuildPhase;
			buildActionMask = 2147483647;
			files = (
				E01EA4BC2C6FD8D600C3A539 /* ContentView.swift in Sources */,
				E01EA4BA2C6FD8D600C3A539 /* FrostedSwiftUIDemoApp.swift in Sources */,
				E029A7462C73077000DB291B /* FontView.swift in Sources */,
			);
			runOnlyForDeploymentPostprocessing = 0;
		};
		E01EA4C22C6FD8D700C3A539 /* Sources */ = {
			isa = PBXSourcesBuildPhase;
			buildActionMask = 2147483647;
			files = (
				E01EA4CB2C6FD8D700C3A539 /* FrostedSwiftUIDemoTests.swift in Sources */,
			);
			runOnlyForDeploymentPostprocessing = 0;
		};
		E01EA4CC2C6FD8D700C3A539 /* Sources */ = {
			isa = PBXSourcesBuildPhase;
			buildActionMask = 2147483647;
			files = (
				E01EA4D52C6FD8D700C3A539 /* FrostedSwiftUIDemoUITests.swift in Sources */,
				E01EA4D72C6FD8D700C3A539 /* FrostedSwiftUIDemoUITestsLaunchTests.swift in Sources */,
			);
			runOnlyForDeploymentPostprocessing = 0;
		};
/* End PBXSourcesBuildPhase section */

/* Begin PBXTargetDependency section */
		E01EA4C82C6FD8D700C3A539 /* PBXTargetDependency */ = {
			isa = PBXTargetDependency;
			target = E01EA4B52C6FD8D600C3A539 /* FrostedSwiftUIDemo */;
			targetProxy = E01EA4C72C6FD8D700C3A539 /* PBXContainerItemProxy */;
		};
		E01EA4D22C6FD8D700C3A539 /* PBXTargetDependency */ = {
			isa = PBXTargetDependency;
			target = E01EA4B52C6FD8D600C3A539 /* FrostedSwiftUIDemo */;
			targetProxy = E01EA4D12C6FD8D700C3A539 /* PBXContainerItemProxy */;
		};
/* End PBXTargetDependency section */

/* Begin XCBuildConfiguration section */
		E01EA4D82C6FD8D700C3A539 /* Debug */ = {
			isa = XCBuildConfiguration;
			buildSettings = {
				ALWAYS_SEARCH_USER_PATHS = NO;
				ASSETCATALOG_COMPILER_GENERATE_SWIFT_ASSET_SYMBOL_EXTENSIONS = YES;
				CLANG_ANALYZER_NONNULL = YES;
				CLANG_ANALYZER_NUMBER_OBJECT_CONVERSION = YES_AGGRESSIVE;
				CLANG_CXX_LANGUAGE_STANDARD = "gnu++20";
				CLANG_ENABLE_MODULES = YES;
				CLANG_ENABLE_OBJC_ARC = YES;
				CLANG_ENABLE_OBJC_WEAK = YES;
				CLANG_WARN_BLOCK_CAPTURE_AUTORELEASING = YES;
				CLANG_WARN_BOOL_CONVERSION = YES;
				CLANG_WARN_COMMA = YES;
				CLANG_WARN_CONSTANT_CONVERSION = YES;
				CLANG_WARN_DEPRECATED_OBJC_IMPLEMENTATIONS = YES;
				CLANG_WARN_DIRECT_OBJC_ISA_USAGE = YES_ERROR;
				CLANG_WARN_DOCUMENTATION_COMMENTS = YES;
				CLANG_WARN_EMPTY_BODY = YES;
				CLANG_WARN_ENUM_CONVERSION = YES;
				CLANG_WARN_INFINITE_RECURSION = YES;
				CLANG_WARN_INT_CONVERSION = YES;
				CLANG_WARN_NON_LITERAL_NULL_CONVERSION = YES;
				CLANG_WARN_OBJC_IMPLICIT_RETAIN_SELF = YES;
				CLANG_WARN_OBJC_LITERAL_CONVERSION = YES;
				CLANG_WARN_OBJC_ROOT_CLASS = YES_ERROR;
				CLANG_WARN_QUOTED_INCLUDE_IN_FRAMEWORK_HEADER = YES;
				CLANG_WARN_RANGE_LOOP_ANALYSIS = YES;
				CLANG_WARN_STRICT_PROTOTYPES = YES;
				CLANG_WARN_SUSPICIOUS_MOVE = YES;
				CLANG_WARN_UNGUARDED_AVAILABILITY = YES_AGGRESSIVE;
				CLANG_WARN_UNREACHABLE_CODE = YES;
				CLANG_WARN__DUPLICATE_METHOD_MATCH = YES;
				COPY_PHASE_STRIP = NO;
				DEBUG_INFORMATION_FORMAT = dwarf;
				ENABLE_STRICT_OBJC_MSGSEND = YES;
				ENABLE_TESTABILITY = YES;
				ENABLE_USER_SCRIPT_SANDBOXING = YES;
				GCC_C_LANGUAGE_STANDARD = gnu17;
				GCC_DYNAMIC_NO_PIC = NO;
				GCC_NO_COMMON_BLOCKS = YES;
				GCC_OPTIMIZATION_LEVEL = 0;
				GCC_PREPROCESSOR_DEFINITIONS = (
					"DEBUG=1",
					"$(inherited)",
				);
				GCC_WARN_64_TO_32_BIT_CONVERSION = YES;
				GCC_WARN_ABOUT_RETURN_TYPE = YES_ERROR;
				GCC_WARN_UNDECLARED_SELECTOR = YES;
				GCC_WARN_UNINITIALIZED_AUTOS = YES_AGGRESSIVE;
				GCC_WARN_UNUSED_FUNCTION = YES;
				GCC_WARN_UNUSED_VARIABLE = YES;
				IPHONEOS_DEPLOYMENT_TARGET = 17.4;
				LOCALIZATION_PREFERS_STRING_CATALOGS = YES;
				MTL_ENABLE_DEBUG_INFO = INCLUDE_SOURCE;
				MTL_FAST_MATH = YES;
				ONLY_ACTIVE_ARCH = YES;
				SDKROOT = iphoneos;
				SWIFT_ACTIVE_COMPILATION_CONDITIONS = "DEBUG $(inherited)";
				SWIFT_OPTIMIZATION_LEVEL = "-Onone";
			};
			name = Debug;
		};
		E01EA4D92C6FD8D700C3A539 /* Release */ = {
			isa = XCBuildConfiguration;
			buildSettings = {
				ALWAYS_SEARCH_USER_PATHS = NO;
				ASSETCATALOG_COMPILER_GENERATE_SWIFT_ASSET_SYMBOL_EXTENSIONS = YES;
				CLANG_ANALYZER_NONNULL = YES;
				CLANG_ANALYZER_NUMBER_OBJECT_CONVERSION = YES_AGGRESSIVE;
				CLANG_CXX_LANGUAGE_STANDARD = "gnu++20";
				CLANG_ENABLE_MODULES = YES;
				CLANG_ENABLE_OBJC_ARC = YES;
				CLANG_ENABLE_OBJC_WEAK = YES;
				CLANG_WARN_BLOCK_CAPTURE_AUTORELEASING = YES;
				CLANG_WARN_BOOL_CONVERSION = YES;
				CLANG_WARN_COMMA = YES;
				CLANG_WARN_CONSTANT_CONVERSION = YES;
				CLANG_WARN_DEPRECATED_OBJC_IMPLEMENTATIONS = YES;
				CLANG_WARN_DIRECT_OBJC_ISA_USAGE = YES_ERROR;
				CLANG_WARN_DOCUMENTATION_COMMENTS = YES;
				CLANG_WARN_EMPTY_BODY = YES;
				CLANG_WARN_ENUM_CONVERSION = YES;
				CLANG_WARN_INFINITE_RECURSION = YES;
				CLANG_WARN_INT_CONVERSION = YES;
				CLANG_WARN_NON_LITERAL_NULL_CONVERSION = YES;
				CLANG_WARN_OBJC_IMPLICIT_RETAIN_SELF = YES;
				CLANG_WARN_OBJC_LITERAL_CONVERSION = YES;
				CLANG_WARN_OBJC_ROOT_CLASS = YES_ERROR;
				CLANG_WARN_QUOTED_INCLUDE_IN_FRAMEWORK_HEADER = YES;
				CLANG_WARN_RANGE_LOOP_ANALYSIS = YES;
				CLANG_WARN_STRICT_PROTOTYPES = YES;
				CLANG_WARN_SUSPICIOUS_MOVE = YES;
				CLANG_WARN_UNGUARDED_AVAILABILITY = YES_AGGRESSIVE;
				CLANG_WARN_UNREACHABLE_CODE = YES;
				CLANG_WARN__DUPLICATE_METHOD_MATCH = YES;
				COPY_PHASE_STRIP = NO;
				DEBUG_INFORMATION_FORMAT = "dwarf-with-dsym";
				ENABLE_NS_ASSERTIONS = NO;
				ENABLE_STRICT_OBJC_MSGSEND = YES;
				ENABLE_USER_SCRIPT_SANDBOXING = YES;
				GCC_C_LANGUAGE_STANDARD = gnu17;
				GCC_NO_COMMON_BLOCKS = YES;
				GCC_WARN_64_TO_32_BIT_CONVERSION = YES;
				GCC_WARN_ABOUT_RETURN_TYPE = YES_ERROR;
				GCC_WARN_UNDECLARED_SELECTOR = YES;
				GCC_WARN_UNINITIALIZED_AUTOS = YES_AGGRESSIVE;
				GCC_WARN_UNUSED_FUNCTION = YES;
				GCC_WARN_UNUSED_VARIABLE = YES;
				IPHONEOS_DEPLOYMENT_TARGET = 17.4;
				LOCALIZATION_PREFERS_STRING_CATALOGS = YES;
				MTL_ENABLE_DEBUG_INFO = NO;
				MTL_FAST_MATH = YES;
				SDKROOT = iphoneos;
				SWIFT_COMPILATION_MODE = wholemodule;
				VALIDATE_PRODUCT = YES;
			};
			name = Release;
		};
		E01EA4DB2C6FD8D700C3A539 /* Debug */ = {
			isa = XCBuildConfiguration;
			buildSettings = {
				ASSETCATALOG_COMPILER_APPICON_NAME = AppIcon;
				ASSETCATALOG_COMPILER_GLOBAL_ACCENT_COLOR_NAME = AccentColor;
				CODE_SIGN_STYLE = Automatic;
				CURRENT_PROJECT_VERSION = 1;
				DEVELOPMENT_ASSET_PATHS = "\"FrostedSwiftUIDemo/Preview Content\"";
				DEVELOPMENT_TEAM = 47DW3L4DQ5;
				ENABLE_PREVIEWS = YES;
				GENERATE_INFOPLIST_FILE = YES;
				INFOPLIST_KEY_UIApplicationSceneManifest_Generation = YES;
				INFOPLIST_KEY_UIApplicationSupportsIndirectInputEvents = YES;
				INFOPLIST_KEY_UILaunchScreen_Generation = YES;
				INFOPLIST_KEY_UISupportedInterfaceOrientations_iPad = "UIInterfaceOrientationPortrait UIInterfaceOrientationPortraitUpsideDown UIInterfaceOrientationLandscapeLeft UIInterfaceOrientationLandscapeRight";
				INFOPLIST_KEY_UISupportedInterfaceOrientations_iPhone = "UIInterfaceOrientationPortrait UIInterfaceOrientationLandscapeLeft UIInterfaceOrientationLandscapeRight";
				LD_RUNPATH_SEARCH_PATHS = (
					"$(inherited)",
					"@executable_path/Frameworks",
				);
				MARKETING_VERSION = 1.0;
				PRODUCT_BUNDLE_IDENTIFIER = com.whop.FrostedSwiftUIDemo;
				PRODUCT_NAME = "$(TARGET_NAME)";
				SWIFT_EMIT_LOC_STRINGS = YES;
				SWIFT_VERSION = 5.0;
				TARGETED_DEVICE_FAMILY = "1,2";
			};
			name = Debug;
		};
		E01EA4DC2C6FD8D700C3A539 /* Release */ = {
			isa = XCBuildConfiguration;
			buildSettings = {
				ASSETCATALOG_COMPILER_APPICON_NAME = AppIcon;
				ASSETCATALOG_COMPILER_GLOBAL_ACCENT_COLOR_NAME = AccentColor;
				CODE_SIGN_STYLE = Automatic;
				CURRENT_PROJECT_VERSION = 1;
				DEVELOPMENT_ASSET_PATHS = "\"FrostedSwiftUIDemo/Preview Content\"";
				DEVELOPMENT_TEAM = 47DW3L4DQ5;
				ENABLE_PREVIEWS = YES;
				GENERATE_INFOPLIST_FILE = YES;
				INFOPLIST_KEY_UIApplicationSceneManifest_Generation = YES;
				INFOPLIST_KEY_UIApplicationSupportsIndirectInputEvents = YES;
				INFOPLIST_KEY_UILaunchScreen_Generation = YES;
				INFOPLIST_KEY_UISupportedInterfaceOrientations_iPad = "UIInterfaceOrientationPortrait UIInterfaceOrientationPortraitUpsideDown UIInterfaceOrientationLandscapeLeft UIInterfaceOrientationLandscapeRight";
				INFOPLIST_KEY_UISupportedInterfaceOrientations_iPhone = "UIInterfaceOrientationPortrait UIInterfaceOrientationLandscapeLeft UIInterfaceOrientationLandscapeRight";
				LD_RUNPATH_SEARCH_PATHS = (
					"$(inherited)",
					"@executable_path/Frameworks",
				);
				MARKETING_VERSION = 1.0;
				PRODUCT_BUNDLE_IDENTIFIER = com.whop.FrostedSwiftUIDemo;
				PRODUCT_NAME = "$(TARGET_NAME)";
				SWIFT_EMIT_LOC_STRINGS = YES;
				SWIFT_VERSION = 5.0;
				TARGETED_DEVICE_FAMILY = "1,2";
			};
			name = Release;
		};
		E01EA4DE2C6FD8D700C3A539 /* Debug */ = {
			isa = XCBuildConfiguration;
			buildSettings = {
				ALWAYS_EMBED_SWIFT_STANDARD_LIBRARIES = YES;
				BUNDLE_LOADER = "$(TEST_HOST)";
				CODE_SIGN_STYLE = Automatic;
				CURRENT_PROJECT_VERSION = 1;
				DEVELOPMENT_TEAM = 47DW3L4DQ5;
				GENERATE_INFOPLIST_FILE = YES;
				IPHONEOS_DEPLOYMENT_TARGET = 17.4;
				MARKETING_VERSION = 1.0;
				PRODUCT_BUNDLE_IDENTIFIER = com.whop.FrostedSwiftUIDemoTests;
				PRODUCT_NAME = "$(TARGET_NAME)";
				SWIFT_EMIT_LOC_STRINGS = NO;
				SWIFT_VERSION = 5.0;
				TARGETED_DEVICE_FAMILY = "1,2";
				TEST_HOST = "$(BUILT_PRODUCTS_DIR)/FrostedSwiftUIDemo.app/$(BUNDLE_EXECUTABLE_FOLDER_PATH)/FrostedSwiftUIDemo";
			};
			name = Debug;
		};
		E01EA4DF2C6FD8D700C3A539 /* Release */ = {
			isa = XCBuildConfiguration;
			buildSettings = {
				ALWAYS_EMBED_SWIFT_STANDARD_LIBRARIES = YES;
				BUNDLE_LOADER = "$(TEST_HOST)";
				CODE_SIGN_STYLE = Automatic;
				CURRENT_PROJECT_VERSION = 1;
				DEVELOPMENT_TEAM = 47DW3L4DQ5;
				GENERATE_INFOPLIST_FILE = YES;
				IPHONEOS_DEPLOYMENT_TARGET = 17.4;
				MARKETING_VERSION = 1.0;
				PRODUCT_BUNDLE_IDENTIFIER = com.whop.FrostedSwiftUIDemoTests;
				PRODUCT_NAME = "$(TARGET_NAME)";
				SWIFT_EMIT_LOC_STRINGS = NO;
				SWIFT_VERSION = 5.0;
				TARGETED_DEVICE_FAMILY = "1,2";
				TEST_HOST = "$(BUILT_PRODUCTS_DIR)/FrostedSwiftUIDemo.app/$(BUNDLE_EXECUTABLE_FOLDER_PATH)/FrostedSwiftUIDemo";
			};
			name = Release;
		};
		E01EA4E12C6FD8D700C3A539 /* Debug */ = {
			isa = XCBuildConfiguration;
			buildSettings = {
				ALWAYS_EMBED_SWIFT_STANDARD_LIBRARIES = YES;
				CODE_SIGN_STYLE = Automatic;
				CURRENT_PROJECT_VERSION = 1;
				DEVELOPMENT_TEAM = 47DW3L4DQ5;
				GENERATE_INFOPLIST_FILE = YES;
				MARKETING_VERSION = 1.0;
				PRODUCT_BUNDLE_IDENTIFIER = com.whop.FrostedSwiftUIDemoUITests;
				PRODUCT_NAME = "$(TARGET_NAME)";
				SWIFT_EMIT_LOC_STRINGS = NO;
				SWIFT_VERSION = 5.0;
				TARGETED_DEVICE_FAMILY = "1,2";
				TEST_TARGET_NAME = FrostedSwiftUIDemo;
			};
			name = Debug;
		};
		E01EA4E22C6FD8D700C3A539 /* Release */ = {
			isa = XCBuildConfiguration;
			buildSettings = {
				ALWAYS_EMBED_SWIFT_STANDARD_LIBRARIES = YES;
				CODE_SIGN_STYLE = Automatic;
				CURRENT_PROJECT_VERSION = 1;
				DEVELOPMENT_TEAM = 47DW3L4DQ5;
				GENERATE_INFOPLIST_FILE = YES;
				MARKETING_VERSION = 1.0;
				PRODUCT_BUNDLE_IDENTIFIER = com.whop.FrostedSwiftUIDemoUITests;
				PRODUCT_NAME = "$(TARGET_NAME)";
				SWIFT_EMIT_LOC_STRINGS = NO;
				SWIFT_VERSION = 5.0;
				TARGETED_DEVICE_FAMILY = "1,2";
				TEST_TARGET_NAME = FrostedSwiftUIDemo;
			};
			name = Release;
		};
/* End XCBuildConfiguration section */

/* Begin XCConfigurationList section */
		E01EA4B12C6FD8D600C3A539 /* Build configuration list for PBXProject "FrostedSwiftUIDemo" */ = {
			isa = XCConfigurationList;
			buildConfigurations = (
				E01EA4D82C6FD8D700C3A539 /* Debug */,
				E01EA4D92C6FD8D700C3A539 /* Release */,
			);
			defaultConfigurationIsVisible = 0;
			defaultConfigurationName = Release;
		};
		E01EA4DA2C6FD8D700C3A539 /* Build configuration list for PBXNativeTarget "FrostedSwiftUIDemo" */ = {
			isa = XCConfigurationList;
			buildConfigurations = (
				E01EA4DB2C6FD8D700C3A539 /* Debug */,
				E01EA4DC2C6FD8D700C3A539 /* Release */,
			);
			defaultConfigurationIsVisible = 0;
			defaultConfigurationName = Release;
		};
		E01EA4DD2C6FD8D700C3A539 /* Build configuration list for PBXNativeTarget "FrostedSwiftUIDemoTests" */ = {
			isa = XCConfigurationList;
			buildConfigurations = (
				E01EA4DE2C6FD8D700C3A539 /* Debug */,
				E01EA4DF2C6FD8D700C3A539 /* Release */,
			);
			defaultConfigurationIsVisible = 0;
			defaultConfigurationName = Release;
		};
		E01EA4E02C6FD8D700C3A539 /* Build configuration list for PBXNativeTarget "FrostedSwiftUIDemoUITests" */ = {
			isa = XCConfigurationList;
			buildConfigurations = (
				E01EA4E12C6FD8D700C3A539 /* Debug */,
				E01EA4E22C6FD8D700C3A539 /* Release */,
			);
			defaultConfigurationIsVisible = 0;
			defaultConfigurationName = Release;
		};
/* End XCConfigurationList section */

/* Begin XCLocalSwiftPackageReference section */
		E008D2D92C730954009B9DE5 /* XCLocalSwiftPackageReference "FrostedUI-Swift" */ = {
			isa = XCLocalSwiftPackageReference;
			relativePath = "FrostedUI-Swift";
		};
/* End XCLocalSwiftPackageReference section */

/* Begin XCSwiftPackageProductDependency section */
		E008D2DA2C730954009B9DE5 /* FrostedUI-Swift */ = {
			isa = XCSwiftPackageProductDependency;
			productName = "FrostedUI-Swift";
		};
/* End XCSwiftPackageProductDependency section */
	};
	rootObject = E01EA4AE2C6FD8D600C3A539 /* Project object */;
}
